
Microsoft Visual Studio Solution File, Format Version 12.00
# Visual Studio 15
VisualStudioVersion = 15.0.28307.1259
MinimumVisualStudioVersion = 10.0.40219.1
Project("{FAE04EC0-301F-11D3-BF4B-00C04F79EFBC}") = "Lab_13", "Lab_13\Lab_13.csproj", "{A564D5E2-1737-4566-83E4-828EBE070BE8}"
EndProject
Global
	GlobalSection(SolutionConfigurationPlatforms) = preSolution
		Debug|Any CPU = Debug|Any CPU
		Release|Any CPU = Release|Any CPU
	EndGlobalSection
	GlobalSection(ProjectConfigurationPlatforms) = postSolution
		{A564D5E2-1737-4566-83E4-828EBE070BE8}.Debug|Any CPU.ActiveCfg = Debug|Any CPU
		{A564D5E2-1737-4566-83E4-828EBE070BE8}.Debug|Any CPU.Build.0 = Debug|Any CPU
		{A564D5E2-1737-4566-83E4-828EBE070BE8}.Release|Any CPU.ActiveCfg = Release|Any CPU
		{A564D5E2-1737-4566-83E4-828EBE070BE8}.Release|Any CPU.Build.0 = Release|Any CPU
	EndGlobalSection
	GlobalSection(SolutionProperties) = preSolution
		HideSolutionNode = FALSE
	EndGlobalSection
	GlobalSection(ExtensibilityGlobals) = postSolution
		SolutionGuid = {C9D43B87-11AE-4B0B-84B7-AD580E4B1263}
	EndGlobalSection
EndGlobal
