
Microsoft Visual Studio Solution File, Format Version 12.00
# Visual Studio 15
VisualStudioVersion = 15.0.28307.1259
MinimumVisualStudioVersion = 10.0.40219.1
Project("{FAE04EC0-301F-11D3-BF4B-00C04F79EFBC}") = "Lab_12", "Lab_12\Lab_12.csproj", "{AE6077A0-B8BB-4116-A678-017140700916}"
EndProject
Global
	GlobalSection(SolutionConfigurationPlatforms) = preSolution
		Debug|Any CPU = Debug|Any CPU
		Release|Any CPU = Release|Any CPU
	EndGlobalSection
	GlobalSection(ProjectConfigurationPlatforms) = postSolution
		{AE6077A0-B8BB-4116-A678-017140700916}.Debug|Any CPU.ActiveCfg = Debug|Any CPU
		{AE6077A0-B8BB-4116-A678-017140700916}.Debug|Any CPU.Build.0 = Debug|Any CPU
		{AE6077A0-B8BB-4116-A678-017140700916}.Release|Any CPU.ActiveCfg = Release|Any CPU
		{AE6077A0-B8BB-4116-A678-017140700916}.Release|Any CPU.Build.0 = Release|Any CPU
	EndGlobalSection
	GlobalSection(SolutionProperties) = preSolution
		HideSolutionNode = FALSE
	EndGlobalSection
	GlobalSection(ExtensibilityGlobals) = postSolution
		SolutionGuid = {17921D95-C852-421A-889D-2054B8FCD1E5}
	EndGlobalSection
EndGlobal
