
Microsoft Visual Studio Solution File, Format Version 12.00
# Visual Studio 15
VisualStudioVersion = 15.0.28307.1259
MinimumVisualStudioVersion = 10.0.40219.1
Project("{FAE04EC0-301F-11D3-BF4B-00C04F79EFBC}") = "Lab1_1", "Lab1_1\Lab1_1.csproj", "{32376E96-29ED-41D7-B3BA-C37C70541B46}"
EndProject
Global
	GlobalSection(SolutionConfigurationPlatforms) = preSolution
		Debug|Any CPU = Debug|Any CPU
		Release|Any CPU = Release|Any CPU
	EndGlobalSection
	GlobalSection(ProjectConfigurationPlatforms) = postSolution
		{32376E96-29ED-41D7-B3BA-C37C70541B46}.Debug|Any CPU.ActiveCfg = Debug|Any CPU
		{32376E96-29ED-41D7-B3BA-C37C70541B46}.Debug|Any CPU.Build.0 = Debug|Any CPU
		{32376E96-29ED-41D7-B3BA-C37C70541B46}.Release|Any CPU.ActiveCfg = Release|Any CPU
		{32376E96-29ED-41D7-B3BA-C37C70541B46}.Release|Any CPU.Build.0 = Release|Any CPU
	EndGlobalSection
	GlobalSection(SolutionProperties) = preSolution
		HideSolutionNode = FALSE
	EndGlobalSection
	GlobalSection(ExtensibilityGlobals) = postSolution
		SolutionGuid = {28BE3EAA-585D-498C-822D-A31145DBDD95}
	EndGlobalSection
EndGlobal
