
Microsoft Visual Studio Solution File, Format Version 12.00
# Visual Studio 15
VisualStudioVersion = 15.0.28307.1259
MinimumVisualStudioVersion = 10.0.40219.1
Project("{FAE04EC0-301F-11D3-BF4B-00C04F79EFBC}") = "Lab4_1", "Lab4_1\Lab4_1.csproj", "{A7507A59-15B7-496D-A4BE-884120A54CCD}"
EndProject
Global
	GlobalSection(SolutionConfigurationPlatforms) = preSolution
		Debug|Any CPU = Debug|Any CPU
		Release|Any CPU = Release|Any CPU
	EndGlobalSection
	GlobalSection(ProjectConfigurationPlatforms) = postSolution
		{A7507A59-15B7-496D-A4BE-884120A54CCD}.Debug|Any CPU.ActiveCfg = Debug|Any CPU
		{A7507A59-15B7-496D-A4BE-884120A54CCD}.Debug|Any CPU.Build.0 = Debug|Any CPU
		{A7507A59-15B7-496D-A4BE-884120A54CCD}.Release|Any CPU.ActiveCfg = Release|Any CPU
		{A7507A59-15B7-496D-A4BE-884120A54CCD}.Release|Any CPU.Build.0 = Release|Any CPU
	EndGlobalSection
	GlobalSection(SolutionProperties) = preSolution
		HideSolutionNode = FALSE
	EndGlobalSection
	GlobalSection(ExtensibilityGlobals) = postSolution
		SolutionGuid = {60B87597-1973-4BB0-BA78-A932F013555E}
	EndGlobalSection
EndGlobal
