
Microsoft Visual Studio Solution File, Format Version 12.00
# Visual Studio 15
VisualStudioVersion = 15.0.28307.1259
MinimumVisualStudioVersion = 10.0.40219.1
Project("{FAE04EC0-301F-11D3-BF4B-00C04F79EFBC}") = "Lab6_2", "Lab6_2\Lab6_2.csproj", "{87A207DB-56C2-4B80-B76B-B80E7BC8091A}"
EndProject
Global
	GlobalSection(SolutionConfigurationPlatforms) = preSolution
		Debug|Any CPU = Debug|Any CPU
		Release|Any CPU = Release|Any CPU
	EndGlobalSection
	GlobalSection(ProjectConfigurationPlatforms) = postSolution
		{87A207DB-56C2-4B80-B76B-B80E7BC8091A}.Debug|Any CPU.ActiveCfg = Debug|Any CPU
		{87A207DB-56C2-4B80-B76B-B80E7BC8091A}.Debug|Any CPU.Build.0 = Debug|Any CPU
		{87A207DB-56C2-4B80-B76B-B80E7BC8091A}.Release|Any CPU.ActiveCfg = Release|Any CPU
		{87A207DB-56C2-4B80-B76B-B80E7BC8091A}.Release|Any CPU.Build.0 = Release|Any CPU
	EndGlobalSection
	GlobalSection(SolutionProperties) = preSolution
		HideSolutionNode = FALSE
	EndGlobalSection
	GlobalSection(ExtensibilityGlobals) = postSolution
		SolutionGuid = {8732D116-CEC9-4F90-B757-357D78D7A94D}
	EndGlobalSection
EndGlobal
